
Microsoft Visual Studio Solution File, Format Version 12.00
Project("{FAE04EC0-301F-11D3-BF4B-00C04F79EFBC}") = "WebAPI", "WebAPI\WebAPI.csproj", "{683AFE22-C745-4A16-802E-6ED30E6977EB}"
EndProject
Project("{FAE04EC0-301F-11D3-BF4B-00C04F79EFBC}") = "DatabaseAPI", "DatabaseAPI\DatabaseAPI.csproj", "{1CA82EDA-B359-4453-A615-DDA6FD113385}"
EndProject
Global
	GlobalSection(SolutionConfigurationPlatforms) = preSolution
		Debug|Any CPU = Debug|Any CPU
		Release|Any CPU = Release|Any CPU
	EndGlobalSection
	GlobalSection(ProjectConfigurationPlatforms) = postSolution
		{683AFE22-C745-4A16-802E-6ED30E6977EB}.Debug|Any CPU.ActiveCfg = Debug|Any CPU
		{683AFE22-C745-4A16-802E-6ED30E6977EB}.Debug|Any CPU.Build.0 = Debug|Any CPU
		{683AFE22-C745-4A16-802E-6ED30E6977EB}.Release|Any CPU.ActiveCfg = Release|Any CPU
		{683AFE22-C745-4A16-802E-6ED30E6977EB}.Release|Any CPU.Build.0 = Release|Any CPU
		{1CA82EDA-B359-4453-A615-DDA6FD113385}.Debug|Any CPU.ActiveCfg = Debug|Any CPU
		{1CA82EDA-B359-4453-A615-DDA6FD113385}.Debug|Any CPU.Build.0 = Debug|Any CPU
		{1CA82EDA-B359-4453-A615-DDA6FD113385}.Release|Any CPU.ActiveCfg = Release|Any CPU
		{1CA82EDA-B359-4453-A615-DDA6FD113385}.Release|Any CPU.Build.0 = Release|Any CPU
	EndGlobalSection
EndGlobal
